
Microsoft Visual Studio Solution File, Format Version 12.00
# Visual Studio Version 16
VisualStudioVersion = 16.0.30517.126
MinimumVisualStudioVersion = 10.0.40219.1
Project("{FAE04EC0-301F-11D3-BF4B-00C04F79EFBC}") = "Flappy Bird", "Flappy Bird\Flappy Bird.csproj", "{B84D380B-6122-4304-B840-CFB089D4ADC1}"
EndProject
Global
	GlobalSection(SolutionConfigurationPlatforms) = preSolution
		Debug|Any CPU = Debug|Any CPU
		Release|Any CPU = Release|Any CPU
	EndGlobalSection
	GlobalSection(ProjectConfigurationPlatforms) = postSolution
		{B84D380B-6122-4304-B840-CFB089D4ADC1}.Debug|Any CPU.ActiveCfg = Debug|Any CPU
		{B84D380B-6122-4304-B840-CFB089D4ADC1}.Debug|Any CPU.Build.0 = Debug|Any CPU
		{B84D380B-6122-4304-B840-CFB089D4ADC1}.Release|Any CPU.ActiveCfg = Release|Any CPU
		{B84D380B-6122-4304-B840-CFB089D4ADC1}.Release|Any CPU.Build.0 = Release|Any CPU
	EndGlobalSection
	GlobalSection(SolutionProperties) = preSolution
		HideSolutionNode = FALSE
	EndGlobalSection
	GlobalSection(ExtensibilityGlobals) = postSolution
		SolutionGuid = {2E024B1B-BCA1-4B57-A93B-6905EBF2730B}
	EndGlobalSection
EndGlobal
